// !$*UTF8*$!
{
	archiveVersion = 1;
	classes = {
	};
	objectVersion = 54;
	objects = {

/* Begin PBXBuildFile section */
		07A420494EC3138164E609B2 /* AIDictionaryApp.swift in Sources */ = {isa = PBXBuildFile; fileRef = 64E084DDD639121E81C37A79 /* AIDictionaryApp.swift */; };
		2C0A50D2A4446003DCB4D689 /* FloatingWindowService.swift in Sources */ = {isa = PBXBuildFile; fileRef = E87EA1779E7B61CEA003C42B /* FloatingWindowService.swift */; };
		70E82D0B1953FADDDE5F88B5 /* WordStore.swift in Sources */ = {isa = PBXBuildFile; fileRef = 2754979B4BBD62384B105147 /* WordStore.swift */; };
		80DDC74AA0D0CD2BBCD7B2AD /* AIDictionaryTests.swift in Sources */ = {isa = PBXBuildFile; fileRef = D2C1419BAED78B5363CF9130 /* AIDictionaryTests.swift */; };
		9A873D57699BA122233A6F59 /* SupportingViews.swift in Sources */ = {isa = PBXBuildFile; fileRef = EB9051BBE070D83625917090 /* SupportingViews.swift */; };
		9FDFBB08071770BE4E113A35 /* PreferencesView.swift in Sources */ = {isa = PBXBuildFile; fileRef = 24E293B9082C24C324077145 /* PreferencesView.swift */; };
		CEF65D0F68A7B077498A42FE /* ContentView.swift in Sources */ = {isa = PBXBuildFile; fileRef = 15C6F81F604EDC78F2E7CDE5 /* ContentView.swift */; };
		D9FB0D9B61CD6A3386164F27 /* APIService.swift in Sources */ = {isa = PBXBuildFile; fileRef = 44B5413F9DAF47A9C8C428AA /* APIService.swift */; };
		E921083B930D8C2D4908A3DA /* Word.swift in Sources */ = {isa = PBXBuildFile; fileRef = 759B68871BF5732C7D36AC35 /* Word.swift */; };
		EB1D134B5FA7FC0C93DEB18C /* MenuBarView.swift in Sources */ = {isa = PBXBuildFile; fileRef = 929B142B24C77257DF7550C3 /* MenuBarView.swift */; };
		FDD6F29F114A91DC48764574 /* Assets.xcassets in Resources */ = {isa = PBXBuildFile; fileRef = 4A1A10FC98ABE112D4F41A3E /* Assets.xcassets */; };
/* End PBXBuildFile section */

/* Begin PBXContainerItemProxy section */
		8331DA5CF85110665B27B05C /* PBXContainerItemProxy */ = {
			isa = PBXContainerItemProxy;
			containerPortal = 0A3E4BB44000986E82AD4DB4 /* Project object */;
			proxyType = 1;
			remoteGlobalIDString = 2D03FA42231403320E371DE1;
			remoteInfo = AIDictionary;
		};
/* End PBXContainerItemProxy section */

/* Begin PBXFileReference section */
		15C6F81F604EDC78F2E7CDE5 /* ContentView.swift */ = {isa = PBXFileReference; lastKnownFileType = sourcecode.swift; path = ContentView.swift; sourceTree = "<group>"; };
		1891C16183A2F5151A2B5BB9 /* AIDictionaryTests.xctest */ = {isa = PBXFileReference; explicitFileType = wrapper.cfbundle; includeInIndex = 0; path = AIDictionaryTests.xctest; sourceTree = BUILT_PRODUCTS_DIR; };
		24E293B9082C24C324077145 /* PreferencesView.swift */ = {isa = PBXFileReference; lastKnownFileType = sourcecode.swift; path = PreferencesView.swift; sourceTree = "<group>"; };
		2754979B4BBD62384B105147 /* WordStore.swift */ = {isa = PBXFileReference; lastKnownFileType = sourcecode.swift; path = WordStore.swift; sourceTree = "<group>"; };
		395E67B011CE29E24DA6DB40 /* AIDictionary.app */ = {isa = PBXFileReference; explicitFileType = wrapper.application; includeInIndex = 0; path = AIDictionary.app; sourceTree = BUILT_PRODUCTS_DIR; };
		44B5413F9DAF47A9C8C428AA /* APIService.swift */ = {isa = PBXFileReference; lastKnownFileType = sourcecode.swift; path = APIService.swift; sourceTree = "<group>"; };
		4A1A10FC98ABE112D4F41A3E /* Assets.xcassets */ = {isa = PBXFileReference; lastKnownFileType = folder.assetcatalog; path = Assets.xcassets; sourceTree = "<group>"; };
		4B2661B9F61892CBBE2BB70C /* AIDictionary.entitlements */ = {isa = PBXFileReference; lastKnownFileType = text.plist.entitlements; path = AIDictionary.entitlements; sourceTree = "<group>"; };
		64E084DDD639121E81C37A79 /* AIDictionaryApp.swift */ = {isa = PBXFileReference; lastKnownFileType = sourcecode.swift; path = AIDictionaryApp.swift; sourceTree = "<group>"; };
		759B68871BF5732C7D36AC35 /* Word.swift */ = {isa = PBXFileReference; lastKnownFileType = sourcecode.swift; path = Word.swift; sourceTree = "<group>"; };
		8BF237F5CD699ACB5F0B503F /* Info.plist */ = {isa = PBXFileReference; lastKnownFileType = text.plist; path = Info.plist; sourceTree = "<group>"; };
		929B142B24C77257DF7550C3 /* MenuBarView.swift */ = {isa = PBXFileReference; lastKnownFileType = sourcecode.swift; path = MenuBarView.swift; sourceTree = "<group>"; };
		A5499B92C070036BD32496CF /* Info.plist */ = {isa = PBXFileReference; lastKnownFileType = text.plist; path = Info.plist; sourceTree = "<group>"; };
		D2C1419BAED78B5363CF9130 /* AIDictionaryTests.swift */ = {isa = PBXFileReference; lastKnownFileType = sourcecode.swift; path = AIDictionaryTests.swift; sourceTree = "<group>"; };
		E87EA1779E7B61CEA003C42B /* FloatingWindowService.swift */ = {isa = PBXFileReference; lastKnownFileType = sourcecode.swift; path = FloatingWindowService.swift; sourceTree = "<group>"; };
		EB9051BBE070D83625917090 /* SupportingViews.swift */ = {isa = PBXFileReference; lastKnownFileType = sourcecode.swift; path = SupportingViews.swift; sourceTree = "<group>"; };
/* End PBXFileReference section */

/* Begin PBXGroup section */
		3214500AEA6F4875FF6A1ABB /* AIDictionary */ = {
			isa = PBXGroup;
			children = (
				4B2661B9F61892CBBE2BB70C /* AIDictionary.entitlements */,
				64E084DDD639121E81C37A79 /* AIDictionaryApp.swift */,
				44B5413F9DAF47A9C8C428AA /* APIService.swift */,
				4A1A10FC98ABE112D4F41A3E /* Assets.xcassets */,
				15C6F81F604EDC78F2E7CDE5 /* ContentView.swift */,
				E87EA1779E7B61CEA003C42B /* FloatingWindowService.swift */,
				A5499B92C070036BD32496CF /* Info.plist */,
				929B142B24C77257DF7550C3 /* MenuBarView.swift */,
				24E293B9082C24C324077145 /* PreferencesView.swift */,
				EB9051BBE070D83625917090 /* SupportingViews.swift */,
				4E978EA21BD12FE3548C27FE /* Models */,
			);
			path = AIDictionary;
			sourceTree = "<group>";
		};
		4E978EA21BD12FE3548C27FE /* Models */ = {
			isa = PBXGroup;
			children = (
				759B68871BF5732C7D36AC35 /* Word.swift */,
				2754979B4BBD62384B105147 /* WordStore.swift */,
			);
			path = Models;
			sourceTree = "<group>";
		};
		684855FA64BB3EF4CAD77F1F = {
			isa = PBXGroup;
			children = (
				3214500AEA6F4875FF6A1ABB /* AIDictionary */,
				78408C86D65441B340164B12 /* AIDictionaryTests */,
				C28F92F580EC99397E8BABFF /* Products */,
			);
			sourceTree = "<group>";
		};
		78408C86D65441B340164B12 /* AIDictionaryTests */ = {
			isa = PBXGroup;
			children = (
				D2C1419BAED78B5363CF9130 /* AIDictionaryTests.swift */,
				8BF237F5CD699ACB5F0B503F /* Info.plist */,
			);
			path = AIDictionaryTests;
			sourceTree = "<group>";
		};
		C28F92F580EC99397E8BABFF /* Products */ = {
			isa = PBXGroup;
			children = (
				395E67B011CE29E24DA6DB40 /* AIDictionary.app */,
				1891C16183A2F5151A2B5BB9 /* AIDictionaryTests.xctest */,
			);
			name = Products;
			sourceTree = "<group>";
		};
/* End PBXGroup section */

/* Begin PBXNativeTarget section */
		2D03FA42231403320E371DE1 /* AIDictionary */ = {
			isa = PBXNativeTarget;
			buildConfigurationList = 92F5D8D7E04D255DF03A51A1 /* Build configuration list for PBXNativeTarget "AIDictionary" */;
			buildPhases = (
				3CF28D95F96F0BD74F3120ED /* Sources */,
				75E35C374F353F944B517D39 /* Resources */,
			);
			buildRules = (
			);
			dependencies = (
			);
			name = AIDictionary;
			packageProductDependencies = (
			);
			productName = AIDictionary;
			productReference = 395E67B011CE29E24DA6DB40 /* AIDictionary.app */;
			productType = "com.apple.product-type.application";
		};
		6D8D9099BD6CE5D0F4F3273C /* AIDictionaryTests */ = {
			isa = PBXNativeTarget;
			buildConfigurationList = 2C942E01D21F755C5C0825F9 /* Build configuration list for PBXNativeTarget "AIDictionaryTests" */;
			buildPhases = (
				A4BF6521EF0B654CE35F20BF /* Sources */,
			);
			buildRules = (
			);
			dependencies = (
				C3AE7120652676766B7442E6 /* PBXTargetDependency */,
			);
			name = AIDictionaryTests;
			packageProductDependencies = (
			);
			productName = AIDictionaryTests;
			productReference = 1891C16183A2F5151A2B5BB9 /* AIDictionaryTests.xctest */;
			productType = "com.apple.product-type.bundle.unit-test";
		};
/* End PBXNativeTarget section */

/* Begin PBXProject section */
		0A3E4BB44000986E82AD4DB4 /* Project object */ = {
			isa = PBXProject;
			attributes = {
				BuildIndependentTargetsInParallel = YES;
				LastUpgradeCheck = 1400;
				TargetAttributes = {
					2D03FA42231403320E371DE1 = {
						DevelopmentTeam = "";
					};
				};
			};
			buildConfigurationList = 4F11805A9CEE2D81CA1372E6 /* Build configuration list for PBXProject "AIDictionary" */;
			compatibilityVersion = "Xcode 14.0";
			developmentRegion = en;
			hasScannedForEncodings = 0;
			knownRegions = (
				Base,
				en,
			);
			mainGroup = 684855FA64BB3EF4CAD77F1F;
			minimizedProjectReferenceProxies = 1;
			preferredProjectObjectVersion = 54;
			projectDirPath = "";
			projectRoot = "";
			targets = (
				2D03FA42231403320E371DE1 /* AIDictionary */,
				6D8D9099BD6CE5D0F4F3273C /* AIDictionaryTests */,
			);
		};
/* End PBXProject section */

/* Begin PBXResourcesBuildPhase section */
		75E35C374F353F944B517D39 /* Resources */ = {
			isa = PBXResourcesBuildPhase;
			buildActionMask = 2147483647;
			files = (
				FDD6F29F114A91DC48764574 /* Assets.xcassets in Resources */,
			);
			runOnlyForDeploymentPostprocessing = 0;
		};
/* End PBXResourcesBuildPhase section */

/* Begin PBXSourcesBuildPhase section */
		3CF28D95F96F0BD74F3120ED /* Sources */ = {
			isa = PBXSourcesBuildPhase;
			buildActionMask = 2147483647;
			files = (
				07A420494EC3138164E609B2 /* AIDictionaryApp.swift in Sources */,
				D9FB0D9B61CD6A3386164F27 /* APIService.swift in Sources */,
				CEF65D0F68A7B077498A42FE /* ContentView.swift in Sources */,
				2C0A50D2A4446003DCB4D689 /* FloatingWindowService.swift in Sources */,
				EB1D134B5FA7FC0C93DEB18C /* MenuBarView.swift in Sources */,
				9FDFBB08071770BE4E113A35 /* PreferencesView.swift in Sources */,
				9A873D57699BA122233A6F59 /* SupportingViews.swift in Sources */,
				E921083B930D8C2D4908A3DA /* Word.swift in Sources */,
				70E82D0B1953FADDDE5F88B5 /* WordStore.swift in Sources */,
			);
			runOnlyForDeploymentPostprocessing = 0;
		};
		A4BF6521EF0B654CE35F20BF /* Sources */ = {
			isa = PBXSourcesBuildPhase;
			buildActionMask = 2147483647;
			files = (
				80DDC74AA0D0CD2BBCD7B2AD /* AIDictionaryTests.swift in Sources */,
			);
			runOnlyForDeploymentPostprocessing = 0;
		};
/* End PBXSourcesBuildPhase section */

/* Begin PBXTargetDependency section */
		C3AE7120652676766B7442E6 /* PBXTargetDependency */ = {
			isa = PBXTargetDependency;
			target = 2D03FA42231403320E371DE1 /* AIDictionary */;
			targetProxy = 8331DA5CF85110665B27B05C /* PBXContainerItemProxy */;
		};
/* End PBXTargetDependency section */

/* Begin XCBuildConfiguration section */
		3434415E608B53755A7E95CB /* Debug */ = {
			isa = XCBuildConfiguration;
			buildSettings = {
				BUNDLE_LOADER = "$(TEST_HOST)";
				COMBINE_HIDPI_IMAGES = YES;
				INFOPLIST_FILE = AIDictionaryTests/Info.plist;
				LD_RUNPATH_SEARCH_PATHS = (
					"$(inherited)",
					"@executable_path/../Frameworks",
					"@loader_path/../Frameworks",
				);
				MACOSX_DEPLOYMENT_TARGET = 13.0;
				PRODUCT_BUNDLE_IDENTIFIER = com.aidictionary.AIDictionaryTests;
				SDKROOT = macosx;
				TEST_HOST = "$(BUILT_PRODUCTS_DIR)/AIDictionary.app/Contents/MacOS/AIDictionary";
			};
			name = Debug;
		};
		73B68114EA53AA515E4A8253 /* Debug */ = {
			isa = XCBuildConfiguration;
			buildSettings = {
				ASSETCATALOG_COMPILER_APPICON_NAME = AppIcon;
				CLANG_ENABLE_MODULES = YES;
				CLANG_ENABLE_OBJC_ARC = YES;
				CLANG_ENABLE_OBJC_WEAK = YES;
				CLANG_WARN_BOOL_CONVERSION = YES;
				CLANG_WARN_CONSTANT_CONVERSION = YES;
				CLANG_WARN_DOCUMENTATION_COMMENTS = YES;
				CLANG_WARN_EMPTY_BODY = YES;
				CLANG_WARN_ENUM_CONVERSION = YES;
				CLANG_WARN_INT_CONVERSION = YES;
				CLANG_WARN_UNREACHABLE_CODE = YES;
				CODE_SIGN_ENTITLEMENTS = AIDictionary/AIDictionary.entitlements;
				CODE_SIGN_IDENTITY = "Apple Development";
				COMBINE_HIDPI_IMAGES = YES;
				DEVELOPMENT_TEAM = "";
				GCC_WARN_64_TO_32_BIT_CONVERSION = YES;
				GCC_WARN_ABOUT_RETURN_TYPE = YES_ERROR;
				GCC_WARN_UNDECLARED_SELECTOR = YES;
				GCC_WARN_UNINITIALIZED_AUTOS = YES_AGGRESSIVE;
				GCC_WARN_UNUSED_FUNCTION = YES;
				GCC_WARN_UNUSED_VARIABLE = YES;
				INFOPLIST_FILE = AIDictionary/Info.plist;
				LD_RUNPATH_SEARCH_PATHS = (
					"$(inherited)",
					"@executable_path/../Frameworks",
				);
				MACOSX_DEPLOYMENT_TARGET = 13.0;
				PRODUCT_BUNDLE_IDENTIFIER = com.aidictionary.AIDictionary;
				SDKROOT = macosx;
				SWIFT_ACTIVE_COMPILATION_CONDITIONS = DEBUG;
				SWIFT_OPTIMIZATION_LEVEL = "-Onone";
				SWIFT_VERSION = 5.0;
			};
			name = Debug;
		};
		A1A3DA7F18494533F0D014B1 /* Release */ = {
			isa = XCBuildConfiguration;
			buildSettings = {
				BUNDLE_LOADER = "$(TEST_HOST)";
				COMBINE_HIDPI_IMAGES = YES;
				INFOPLIST_FILE = AIDictionaryTests/Info.plist;
				LD_RUNPATH_SEARCH_PATHS = (
					"$(inherited)",
					"@executable_path/../Frameworks",
					"@loader_path/../Frameworks",
				);
				MACOSX_DEPLOYMENT_TARGET = 13.0;
				PRODUCT_BUNDLE_IDENTIFIER = com.aidictionary.AIDictionaryTests;
				SDKROOT = macosx;
				TEST_HOST = "$(BUILT_PRODUCTS_DIR)/AIDictionary.app/Contents/MacOS/AIDictionary";
			};
			name = Release;
		};
		B2B31ECE5779267D3C5E7C3A /* Release */ = {
			isa = XCBuildConfiguration;
			buildSettings = {
				ALWAYS_SEARCH_USER_PATHS = NO;
				CLANG_ANALYZER_NONNULL = YES;
				CLANG_ANALYZER_NUMBER_OBJECT_CONVERSION = YES_AGGRESSIVE;
				CLANG_CXX_LANGUAGE_STANDARD = "gnu++14";
				CLANG_CXX_LIBRARY = "libc++";
				CLANG_ENABLE_MODULES = YES;
				CLANG_ENABLE_OBJC_ARC = YES;
				CLANG_ENABLE_OBJC_WEAK = YES;
				CLANG_WARN_BLOCK_CAPTURE_AUTORELEASING = YES;
				CLANG_WARN_BOOL_CONVERSION = YES;
				CLANG_WARN_COMMA = YES;
				CLANG_WARN_CONSTANT_CONVERSION = YES;
				CLANG_WARN_DEPRECATED_OBJC_IMPLEMENTATIONS = YES;
				CLANG_WARN_DIRECT_OBJC_ISA_USAGE = YES_ERROR;
				CLANG_WARN_DOCUMENTATION_COMMENTS = YES;
				CLANG_WARN_EMPTY_BODY = YES;
				CLANG_WARN_ENUM_CONVERSION = YES;
				CLANG_WARN_INFINITE_RECURSION = YES;
				CLANG_WARN_INT_CONVERSION = YES;
				CLANG_WARN_NON_LITERAL_NULL_CONVERSION = YES;
				CLANG_WARN_OBJC_IMPLICIT_RETAIN_SELF = YES;
				CLANG_WARN_OBJC_LITERAL_CONVERSION = YES;
				CLANG_WARN_OBJC_ROOT_CLASS = YES_ERROR;
				CLANG_WARN_QUOTED_INCLUDE_IN_FRAMEWORK_HEADER = YES;
				CLANG_WARN_RANGE_LOOP_ANALYSIS = YES;
				CLANG_WARN_STRICT_PROTOTYPES = YES;
				CLANG_WARN_SUSPICIOUS_MOVE = YES;
				CLANG_WARN_UNGUARDED_AVAILABILITY = YES_AGGRESSIVE;
				CLANG_WARN_UNREACHABLE_CODE = YES;
				CLANG_WARN__DUPLICATE_METHOD_MATCH = YES;
				COPY_PHASE_STRIP = NO;
				DEBUG_INFORMATION_FORMAT = "dwarf-with-dsym";
				ENABLE_NS_ASSERTIONS = NO;
				ENABLE_STRICT_OBJC_MSGSEND = YES;
				GCC_C_LANGUAGE_STANDARD = gnu11;
				GCC_NO_COMMON_BLOCKS = YES;
				GCC_WARN_64_TO_32_BIT_CONVERSION = YES;
				GCC_WARN_ABOUT_RETURN_TYPE = YES_ERROR;
				GCC_WARN_UNDECLARED_SELECTOR = YES;
				GCC_WARN_UNINITIALIZED_AUTOS = YES_AGGRESSIVE;
				GCC_WARN_UNUSED_FUNCTION = YES;
				GCC_WARN_UNUSED_VARIABLE = YES;
				MACOSX_DEPLOYMENT_TARGET = 13.0;
				MTL_ENABLE_DEBUG_INFO = NO;
				MTL_FAST_MATH = YES;
				PRODUCT_NAME = "$(TARGET_NAME)";
				SDKROOT = macosx;
				SWIFT_COMPILATION_MODE = wholemodule;
				SWIFT_OPTIMIZATION_LEVEL = "-O";
				SWIFT_VERSION = 5.0;
			};
			name = Release;
		};
		F14FE960D861AF941ACDBC4D /* Debug */ = {
			isa = XCBuildConfiguration;
			buildSettings = {
				ALWAYS_SEARCH_USER_PATHS = NO;
				CLANG_ANALYZER_NONNULL = YES;
				CLANG_ANALYZER_NUMBER_OBJECT_CONVERSION = YES_AGGRESSIVE;
				CLANG_CXX_LANGUAGE_STANDARD = "gnu++14";
				CLANG_CXX_LIBRARY = "libc++";
				CLANG_ENABLE_MODULES = YES;
				CLANG_ENABLE_OBJC_ARC = YES;
				CLANG_ENABLE_OBJC_WEAK = YES;
				CLANG_WARN_BLOCK_CAPTURE_AUTORELEASING = YES;
				CLANG_WARN_BOOL_CONVERSION = YES;
				CLANG_WARN_COMMA = YES;
				CLANG_WARN_CONSTANT_CONVERSION = YES;
				CLANG_WARN_DEPRECATED_OBJC_IMPLEMENTATIONS = YES;
				CLANG_WARN_DIRECT_OBJC_ISA_USAGE = YES_ERROR;
				CLANG_WARN_DOCUMENTATION_COMMENTS = YES;
				CLANG_WARN_EMPTY_BODY = YES;
				CLANG_WARN_ENUM_CONVERSION = YES;
				CLANG_WARN_INFINITE_RECURSION = YES;
				CLANG_WARN_INT_CONVERSION = YES;
				CLANG_WARN_NON_LITERAL_NULL_CONVERSION = YES;
				CLANG_WARN_OBJC_IMPLICIT_RETAIN_SELF = YES;
				CLANG_WARN_OBJC_LITERAL_CONVERSION = YES;
				CLANG_WARN_OBJC_ROOT_CLASS = YES_ERROR;
				CLANG_WARN_QUOTED_INCLUDE_IN_FRAMEWORK_HEADER = YES;
				CLANG_WARN_RANGE_LOOP_ANALYSIS = YES;
				CLANG_WARN_STRICT_PROTOTYPES = YES;
				CLANG_WARN_SUSPICIOUS_MOVE = YES;
				CLANG_WARN_UNGUARDED_AVAILABILITY = YES_AGGRESSIVE;
				CLANG_WARN_UNREACHABLE_CODE = YES;
				CLANG_WARN__DUPLICATE_METHOD_MATCH = YES;
				COPY_PHASE_STRIP = NO;
				DEBUG_INFORMATION_FORMAT = dwarf;
				ENABLE_STRICT_OBJC_MSGSEND = YES;
				ENABLE_TESTABILITY = YES;
				GCC_C_LANGUAGE_STANDARD = gnu11;
				GCC_DYNAMIC_NO_PIC = NO;
				GCC_NO_COMMON_BLOCKS = YES;
				GCC_OPTIMIZATION_LEVEL = 0;
				GCC_PREPROCESSOR_DEFINITIONS = (
					"$(inherited)",
					"DEBUG=1",
				);
				GCC_WARN_64_TO_32_BIT_CONVERSION = YES;
				GCC_WARN_ABOUT_RETURN_TYPE = YES_ERROR;
				GCC_WARN_UNDECLARED_SELECTOR = YES;
				GCC_WARN_UNINITIALIZED_AUTOS = YES_AGGRESSIVE;
				GCC_WARN_UNUSED_FUNCTION = YES;
				GCC_WARN_UNUSED_VARIABLE = YES;
				MACOSX_DEPLOYMENT_TARGET = 13.0;
				MTL_ENABLE_DEBUG_INFO = INCLUDE_SOURCE;
				MTL_FAST_MATH = YES;
				ONLY_ACTIVE_ARCH = YES;
				PRODUCT_NAME = "$(TARGET_NAME)";
				SDKROOT = macosx;
				SWIFT_ACTIVE_COMPILATION_CONDITIONS = DEBUG;
				SWIFT_OPTIMIZATION_LEVEL = "-Onone";
				SWIFT_VERSION = 5.0;
			};
			name = Debug;
		};
		F1E3B70BF9E4EEB07AF3C6E6 /* Release */ = {
			isa = XCBuildConfiguration;
			buildSettings = {
				ASSETCATALOG_COMPILER_APPICON_NAME = AppIcon;
				CLANG_ENABLE_MODULES = YES;
				CLANG_ENABLE_OBJC_ARC = YES;
				CLANG_ENABLE_OBJC_WEAK = YES;
				CLANG_WARN_BOOL_CONVERSION = YES;
				CLANG_WARN_CONSTANT_CONVERSION = YES;
				CLANG_WARN_DOCUMENTATION_COMMENTS = YES;
				CLANG_WARN_EMPTY_BODY = YES;
				CLANG_WARN_ENUM_CONVERSION = YES;
				CLANG_WARN_INT_CONVERSION = YES;
				CLANG_WARN_UNREACHABLE_CODE = YES;
				CODE_SIGN_ENTITLEMENTS = AIDictionary/AIDictionary.entitlements;
				CODE_SIGN_IDENTITY = "Apple Development";
				COMBINE_HIDPI_IMAGES = YES;
				DEVELOPMENT_TEAM = "";
				GCC_WARN_64_TO_32_BIT_CONVERSION = YES;
				GCC_WARN_ABOUT_RETURN_TYPE = YES_ERROR;
				GCC_WARN_UNDECLARED_SELECTOR = YES;
				GCC_WARN_UNINITIALIZED_AUTOS = YES_AGGRESSIVE;
				GCC_WARN_UNUSED_FUNCTION = YES;
				GCC_WARN_UNUSED_VARIABLE = YES;
				INFOPLIST_FILE = AIDictionary/Info.plist;
				LD_RUNPATH_SEARCH_PATHS = (
					"$(inherited)",
					"@executable_path/../Frameworks",
				);
				MACOSX_DEPLOYMENT_TARGET = 13.0;
				PRODUCT_BUNDLE_IDENTIFIER = com.aidictionary.AIDictionary;
				SDKROOT = macosx;
				SWIFT_ACTIVE_COMPILATION_CONDITIONS = DEBUG;
				SWIFT_OPTIMIZATION_LEVEL = "-Onone";
				SWIFT_VERSION = 5.0;
			};
			name = Release;
		};
/* End XCBuildConfiguration section */

/* Begin XCConfigurationList section */
		2C942E01D21F755C5C0825F9 /* Build configuration list for PBXNativeTarget "AIDictionaryTests" */ = {
			isa = XCConfigurationList;
			buildConfigurations = (
				3434415E608B53755A7E95CB /* Debug */,
				A1A3DA7F18494533F0D014B1 /* Release */,
			);
			defaultConfigurationIsVisible = 0;
			defaultConfigurationName = Debug;
		};
		4F11805A9CEE2D81CA1372E6 /* Build configuration list for PBXProject "AIDictionary" */ = {
			isa = XCConfigurationList;
			buildConfigurations = (
				F14FE960D861AF941ACDBC4D /* Debug */,
				B2B31ECE5779267D3C5E7C3A /* Release */,
			);
			defaultConfigurationIsVisible = 0;
			defaultConfigurationName = Debug;
		};
		92F5D8D7E04D255DF03A51A1 /* Build configuration list for PBXNativeTarget "AIDictionary" */ = {
			isa = XCConfigurationList;
			buildConfigurations = (
				73B68114EA53AA515E4A8253 /* Debug */,
				F1E3B70BF9E4EEB07AF3C6E6 /* Release */,
			);
			defaultConfigurationIsVisible = 0;
			defaultConfigurationName = Debug;
		};
/* End XCConfigurationList section */
	};
	rootObject = 0A3E4BB44000986E82AD4DB4 /* Project object */;
}
